// !$*UTF8*$!
{
	archiveVersion = 1;
	classes = {
	};
	objectVersion = 77;
	objects = {

/* Begin PBXContainerItemProxy section */
		443C6D642F0CDA2700AF0560 /* PBXContainerItemProxy */ = {
			isa = PBXContainerItemProxy;
			containerPortal = 443C6D4E2F0CDA2600AF0560 /* Project object */;
			proxyType = 1;
			remoteGlobalIDString = 443C6D552F0CDA2600AF0560;
			remoteInfo = firstmenu;
		};
		443C6D6E2F0CDA2700AF0560 /* PBXContainerItemProxy */ = {
			isa = PBXContainerItemProxy;
			containerPortal = 443C6D4E2F0CDA2600AF0560 /* Project object */;
			proxyType = 1;
			remoteGlobalIDString = 443C6D552F0CDA2600AF0560;
			remoteInfo = firstmenu;
		};
/* End PBXContainerItemProxy section */

/* Begin PBXFileReference section */
		443C6D562F0CDA2600AF0560 /* firstmenu.app */ = {isa = PBXFileReference; explicitFileType = wrapper.application; includeInIndex = 0; path = firstmenu.app; sourceTree = BUILT_PRODUCTS_DIR; };
		443C6D632F0CDA2700AF0560 /* firstmenuTests.xctest */ = {isa = PBXFileReference; explicitFileType = wrapper.cfbundle; includeInIndex = 0; path = firstmenuTests.xctest; sourceTree = BUILT_PRODUCTS_DIR; };
		443C6D6D2F0CDA2700AF0560 /* firstmenuUITests.xctest */ = {isa = PBXFileReference; explicitFileType = wrapper.cfbundle; includeInIndex = 0; path = firstmenuUITests.xctest; sourceTree = BUILT_PRODUCTS_DIR; };
/* End PBXFileReference section */

/* Begin PBXFileSystemSynchronizedRootGroup section */
		443C6D582F0CDA2600AF0560 /* firstmenu */ = {
			isa = PBXFileSystemSynchronizedRootGroup;
			path = firstmenu;
			sourceTree = "<group>";
		};
		443C6D662F0CDA2700AF0560 /* firstmenuTests */ = {
			isa = PBXFileSystemSynchronizedRootGroup;
			path = firstmenuTests;
			sourceTree = "<group>";
		};
		443C6D702F0CDA2700AF0560 /* firstmenuUITests */ = {
			isa = PBXFileSystemSynchronizedRootGroup;
			path = firstmenuUITests;
			sourceTree = "<group>";
		};
/* End PBXFileSystemSynchronizedRootGroup section */

/* Begin PBXFrameworksBuildPhase section */
		443C6D532F0CDA2600AF0560 /* Frameworks */ = {
			isa = PBXFrameworksBuildPhase;
			buildActionMask = 2147483647;
			files = (
			);
			runOnlyForDeploymentPostprocessing = 0;
		};
		443C6D602F0CDA2700AF0560 /* Frameworks */ = {
			isa = PBXFrameworksBuildPhase;
			buildActionMask = 2147483647;
			files = (
			);
			runOnlyForDeploymentPostprocessing = 0;
		};
		443C6D6A2F0CDA2700AF0560 /* Frameworks */ = {
			isa = PBXFrameworksBuildPhase;
			buildActionMask = 2147483647;
			files = (
			);
			runOnlyForDeploymentPostprocessing = 0;
		};
/* End PBXFrameworksBuildPhase section */

/* Begin PBXGroup section */
		443C6D4D2F0CDA2600AF0560 = {
			isa = PBXGroup;
			children = (
				443C6D582F0CDA2600AF0560 /* firstmenu */,
				443C6D662F0CDA2700AF0560 /* firstmenuTests */,
				443C6D702F0CDA2700AF0560 /* firstmenuUITests */,
				443C6D572F0CDA2600AF0560 /* Products */,
			);
			sourceTree = "<group>";
		};
		443C6D572F0CDA2600AF0560 /* Products */ = {
			isa = PBXGroup;
			children = (
				443C6D562F0CDA2600AF0560 /* firstmenu.app */,
				443C6D632F0CDA2700AF0560 /* firstmenuTests.xctest */,
				443C6D6D2F0CDA2700AF0560 /* firstmenuUITests.xctest */,
			);
			name = Products;
			sourceTree = "<group>";
		};
/* End PBXGroup section */

/* Begin PBXNativeTarget section */
		443C6D552F0CDA2600AF0560 /* firstmenu */ = {
			isa = PBXNativeTarget;
			buildConfigurationList = 443C6D772F0CDA2700AF0560 /* Build configuration list for PBXNativeTarget "firstmenu" */;
			buildPhases = (
				443C6D832F0CF3A0000AF0560 /* ShellScript */,
				443C6D522F0CDA2600AF0560 /* Sources */,
				443C6D532F0CDA2600AF0560 /* Frameworks */,
				443C6D542F0CDA2600AF0560 /* Resources */,
			);
			buildRules = (
			);
			dependencies = (
			);
			fileSystemSynchronizedGroups = (
				443C6D582F0CDA2600AF0560 /* firstmenu */,
			);
			name = firstmenu;
			packageProductDependencies = (
			);
			productName = firstmenu;
			productReference = 443C6D562F0CDA2600AF0560 /* firstmenu.app */;
			productType = "com.apple.product-type.application";
		};
		443C6D622F0CDA2700AF0560 /* firstmenuTests */ = {
			isa = PBXNativeTarget;
			buildConfigurationList = 443C6D7A2F0CDA2700AF0560 /* Build configuration list for PBXNativeTarget "firstmenuTests" */;
			buildPhases = (
				443C6D5F2F0CDA2700AF0560 /* Sources */,
				443C6D602F0CDA2700AF0560 /* Frameworks */,
				443C6D612F0CDA2700AF0560 /* Resources */,
			);
			buildRules = (
			);
			dependencies = (
				443C6D652F0CDA2700AF0560 /* PBXTargetDependency */,
			);
			fileSystemSynchronizedGroups = (
				443C6D662F0CDA2700AF0560 /* firstmenuTests */,
			);
			name = firstmenuTests;
			packageProductDependencies = (
			);
			productName = firstmenuTests;
			productReference = 443C6D632F0CDA2700AF0560 /* firstmenuTests.xctest */;
			productType = "com.apple.product-type.bundle.unit-test";
		};
		443C6D6C2F0CDA2700AF0560 /* firstmenuUITests */ = {
			isa = PBXNativeTarget;
			buildConfigurationList = 443C6D7D2F0CDA2700AF0560 /* Build configuration list for PBXNativeTarget "firstmenuUITests" */;
			buildPhases = (
				443C6D692F0CDA2700AF0560 /* Sources */,
				443C6D6A2F0CDA2700AF0560 /* Frameworks */,
				443C6D6B2F0CDA2700AF0560 /* Resources */,
			);
			buildRules = (
			);
			dependencies = (
				443C6D6F2F0CDA2700AF0560 /* PBXTargetDependency */,
			);
			fileSystemSynchronizedGroups = (
				443C6D702F0CDA2700AF0560 /* firstmenuUITests */,
			);
			name = firstmenuUITests;
			packageProductDependencies = (
			);
			productName = firstmenuUITests;
			productReference = 443C6D6D2F0CDA2700AF0560 /* firstmenuUITests.xctest */;
			productType = "com.apple.product-type.bundle.ui-testing";
		};
/* End PBXNativeTarget section */

/* Begin PBXProject section */
		443C6D4E2F0CDA2600AF0560 /* Project object */ = {
			isa = PBXProject;
			attributes = {
				BuildIndependentTargetsInParallel = 1;
				LastSwiftUpdateCheck = 2620;
				LastUpgradeCheck = 2620;
				TargetAttributes = {
					443C6D552F0CDA2600AF0560 = {
						CreatedOnToolsVersion = 26.2;
					};
					443C6D622F0CDA2700AF0560 = {
						CreatedOnToolsVersion = 26.2;
						TestTargetID = 443C6D552F0CDA2600AF0560;
					};
					443C6D6C2F0CDA2700AF0560 = {
						CreatedOnToolsVersion = 26.2;
						TestTargetID = 443C6D552F0CDA2600AF0560;
					};
				};
			};
			buildConfigurationList = 443C6D512F0CDA2600AF0560 /* Build configuration list for PBXProject "firstmenu" */;
			developmentRegion = en;
			hasScannedForEncodings = 0;
			knownRegions = (
				en,
				Base,
			);
			mainGroup = 443C6D4D2F0CDA2600AF0560;
			minimizedProjectReferenceProxies = 1;
			preferredProjectObjectVersion = 77;
			productRefGroup = 443C6D572F0CDA2600AF0560 /* Products */;
			projectDirPath = "";
			projectRoot = "";
			targets = (
				443C6D552F0CDA2600AF0560 /* firstmenu */,
				443C6D622F0CDA2700AF0560 /* firstmenuTests */,
				443C6D6C2F0CDA2700AF0560 /* firstmenuUITests */,
			);
		};
/* End PBXProject section */

/* Begin PBXResourcesBuildPhase section */
		443C6D542F0CDA2600AF0560 /* Resources */ = {
			isa = PBXResourcesBuildPhase;
			buildActionMask = 2147483647;
			files = (
			);
			runOnlyForDeploymentPostprocessing = 0;
		};
		443C6D612F0CDA2700AF0560 /* Resources */ = {
			isa = PBXResourcesBuildPhase;
			buildActionMask = 2147483647;
			files = (
			);
			runOnlyForDeploymentPostprocessing = 0;
		};
		443C6D6B2F0CDA2700AF0560 /* Resources */ = {
			isa = PBXResourcesBuildPhase;
			buildActionMask = 2147483647;
			files = (
			);
			runOnlyForDeploymentPostprocessing = 0;
		};
/* End PBXResourcesBuildPhase section */

/* Begin PBXShellScriptBuildPhase section */
		443C6D832F0CF3A0000AF0560 /* ShellScript */ = {
			isa = PBXShellScriptBuildPhase;
			alwaysOutOfDate = 1;
			buildActionMask = 2147483647;
			files = (
			);
			inputFileListPaths = (
			);
			inputPaths = (
			);
			outputFileListPaths = (
			);
			outputPaths = (
			);
			runOnlyForDeploymentPostprocessing = 0;
			shellPath = /bin/sh;
			shellScript = "# SwiftLint - runs from cached SPM build\nSWIFTLINT_CACHE=\"$HOME/Library/Caches/com.firstmenu.SwiftLint\"\nSWIFTLINT_BIN=\"$SWIFTLINT_CACHE/swiftlint\"\n\nif [ -f \"$SWIFTLINT_BIN\" ]; then\n  cd \"$SRCROOT\"\n  \"$SWIFTLINT_BIN\" lint --strict 2>/dev/null || \"$SWIFTLINT_BIN\" lint\nelse\n  echo \"warning: SwiftLint not found. Run: bash Scripts/setup-swiftlint.sh\"\nfi\n";
		};
/* End PBXShellScriptBuildPhase section */

/* Begin PBXSourcesBuildPhase section */
		443C6D522F0CDA2600AF0560 /* Sources */ = {
			isa = PBXSourcesBuildPhase;
			buildActionMask = 2147483647;
			files = (
			);
			runOnlyForDeploymentPostprocessing = 0;
		};
		443C6D5F2F0CDA2700AF0560 /* Sources */ = {
			isa = PBXSourcesBuildPhase;
			buildActionMask = 2147483647;
			files = (
			);
			runOnlyForDeploymentPostprocessing = 0;
		};
		443C6D692F0CDA2700AF0560 /* Sources */ = {
			isa = PBXSourcesBuildPhase;
			buildActionMask = 2147483647;
			files = (
			);
			runOnlyForDeploymentPostprocessing = 0;
		};
/* End PBXSourcesBuildPhase section */

/* Begin PBXTargetDependency section */
		443C6D652F0CDA2700AF0560 /* PBXTargetDependency */ = {
			isa = PBXTargetDependency;
			target = 443C6D552F0CDA2600AF0560 /* firstmenu */;
			targetProxy = 443C6D642F0CDA2700AF0560 /* PBXContainerItemProxy */;
		};
		443C6D6F2F0CDA2700AF0560 /* PBXTargetDependency */ = {
			isa = PBXTargetDependency;
			target = 443C6D552F0CDA2600AF0560 /* firstmenu */;
			targetProxy = 443C6D6E2F0CDA2700AF0560 /* PBXContainerItemProxy */;
		};
/* End PBXTargetDependency section */

/* Begin XCBuildConfiguration section */
		443C6D752F0CDA2700AF0560 /* Debug */ = {
			isa = XCBuildConfiguration;
			buildSettings = {
				ALWAYS_SEARCH_USER_PATHS = NO;
				ASSETCATALOG_COMPILER_GENERATE_SWIFT_ASSET_SYMBOL_EXTENSIONS = YES;
				CLANG_ANALYZER_NONNULL = YES;
				CLANG_ANALYZER_NUMBER_OBJECT_CONVERSION = YES_AGGRESSIVE;
				CLANG_CXX_LANGUAGE_STANDARD = "gnu++20";
				CLANG_ENABLE_MODULES = YES;
				CLANG_ENABLE_OBJC_ARC = YES;
				CLANG_ENABLE_OBJC_WEAK = YES;
				CLANG_WARN_BLOCK_CAPTURE_AUTORELEASING = YES;
				CLANG_WARN_BOOL_CONVERSION = YES;
				CLANG_WARN_COMMA = YES;
				CLANG_WARN_CONSTANT_CONVERSION = YES;
				CLANG_WARN_DEPRECATED_OBJC_IMPLEMENTATIONS = YES;
				CLANG_WARN_DIRECT_OBJC_ISA_USAGE = YES_ERROR;
				CLANG_WARN_DOCUMENTATION_COMMENTS = YES;
				CLANG_WARN_EMPTY_BODY = YES;
				CLANG_WARN_ENUM_CONVERSION = YES;
				CLANG_WARN_INFINITE_RECURSION = YES;
				CLANG_WARN_INT_CONVERSION = YES;
				CLANG_WARN_NON_LITERAL_NULL_CONVERSION = YES;
				CLANG_WARN_OBJC_IMPLICIT_RETAIN_SELF = YES;
				CLANG_WARN_OBJC_LITERAL_CONVERSION = YES;
				CLANG_WARN_OBJC_ROOT_CLASS = YES_ERROR;
				CLANG_WARN_QUOTED_INCLUDE_IN_FRAMEWORK_HEADER = YES;
				CLANG_WARN_RANGE_LOOP_ANALYSIS = YES;
				CLANG_WARN_STRICT_PROTOTYPES = YES;
				CLANG_WARN_SUSPICIOUS_MOVE = YES;
				CLANG_WARN_UNGUARDED_AVAILABILITY = YES_AGGRESSIVE;
				CLANG_WARN_UNREACHABLE_CODE = YES;
				CLANG_WARN__DUPLICATE_METHOD_MATCH = YES;
				COPY_PHASE_STRIP = NO;
				DEBUG_INFORMATION_FORMAT = dwarf;
				ENABLE_STRICT_OBJC_MSGSEND = YES;
				ENABLE_TESTABILITY = YES;
				ENABLE_USER_SCRIPT_SANDBOXING = YES;
				GCC_C_LANGUAGE_STANDARD = gnu17;
				GCC_DYNAMIC_NO_PIC = NO;
				GCC_NO_COMMON_BLOCKS = YES;
				GCC_OPTIMIZATION_LEVEL = 0;
				GCC_PREPROCESSOR_DEFINITIONS = (
					"DEBUG=1",
					"$(inherited)",
				);
				GCC_WARN_64_TO_32_BIT_CONVERSION = YES;
				GCC_WARN_ABOUT_RETURN_TYPE = YES_ERROR;
				GCC_WARN_UNDECLARED_SELECTOR = YES;
				GCC_WARN_UNINITIALIZED_AUTOS = YES_AGGRESSIVE;
				GCC_WARN_UNUSED_FUNCTION = YES;
				GCC_WARN_UNUSED_VARIABLE = YES;
				LOCALIZATION_PREFERS_STRING_CATALOGS = YES;
				MACOSX_DEPLOYMENT_TARGET = 26.2;
				MTL_ENABLE_DEBUG_INFO = INCLUDE_SOURCE;
				MTL_FAST_MATH = YES;
				ONLY_ACTIVE_ARCH = YES;
				SDKROOT = macosx;
				SWIFT_ACTIVE_COMPILATION_CONDITIONS = "DEBUG $(inherited)";
				SWIFT_OPTIMIZATION_LEVEL = "-Onone";
			};
			name = Debug;
		};
		443C6D762F0CDA2700AF0560 /* Release */ = {
			isa = XCBuildConfiguration;
			buildSettings = {
				ALWAYS_SEARCH_USER_PATHS = NO;
				ASSETCATALOG_COMPILER_GENERATE_SWIFT_ASSET_SYMBOL_EXTENSIONS = YES;
				CLANG_ANALYZER_NONNULL = YES;
				CLANG_ANALYZER_NUMBER_OBJECT_CONVERSION = YES_AGGRESSIVE;
				CLANG_CXX_LANGUAGE_STANDARD = "gnu++20";
				CLANG_ENABLE_MODULES = YES;
				CLANG_ENABLE_OBJC_ARC = YES;
				CLANG_ENABLE_OBJC_WEAK = YES;
				CLANG_WARN_BLOCK_CAPTURE_AUTORELEASING = YES;
				CLANG_WARN_BOOL_CONVERSION = YES;
				CLANG_WARN_COMMA = YES;
				CLANG_WARN_CONSTANT_CONVERSION = YES;
				CLANG_WARN_DEPRECATED_OBJC_IMPLEMENTATIONS = YES;
				CLANG_WARN_DIRECT_OBJC_ISA_USAGE = YES_ERROR;
				CLANG_WARN_DOCUMENTATION_COMMENTS = YES;
				CLANG_WARN_EMPTY_BODY = YES;
				CLANG_WARN_ENUM_CONVERSION = YES;
				CLANG_WARN_INFINITE_RECURSION = YES;
				CLANG_WARN_INT_CONVERSION = YES;
				CLANG_WARN_NON_LITERAL_NULL_CONVERSION = YES;
				CLANG_WARN_OBJC_IMPLICIT_RETAIN_SELF = YES;
				CLANG_WARN_OBJC_LITERAL_CONVERSION = YES;
				CLANG_WARN_OBJC_ROOT_CLASS = YES_ERROR;
				CLANG_WARN_QUOTED_INCLUDE_IN_FRAMEWORK_HEADER = YES;
				CLANG_WARN_RANGE_LOOP_ANALYSIS = YES;
				CLANG_WARN_STRICT_PROTOTYPES = YES;
				CLANG_WARN_SUSPICIOUS_MOVE = YES;
				CLANG_WARN_UNGUARDED_AVAILABILITY = YES_AGGRESSIVE;
				CLANG_WARN_UNREACHABLE_CODE = YES;
				CLANG_WARN__DUPLICATE_METHOD_MATCH = YES;
				COPY_PHASE_STRIP = NO;
				DEBUG_INFORMATION_FORMAT = "dwarf-with-dsym";
				ENABLE_NS_ASSERTIONS = NO;
				ENABLE_STRICT_OBJC_MSGSEND = YES;
				ENABLE_USER_SCRIPT_SANDBOXING = YES;
				GCC_C_LANGUAGE_STANDARD = gnu17;
				GCC_NO_COMMON_BLOCKS = YES;
				GCC_WARN_64_TO_32_BIT_CONVERSION = YES;
				GCC_WARN_ABOUT_RETURN_TYPE = YES_ERROR;
				GCC_WARN_UNDECLARED_SELECTOR = YES;
				GCC_WARN_UNINITIALIZED_AUTOS = YES_AGGRESSIVE;
				GCC_WARN_UNUSED_FUNCTION = YES;
				GCC_WARN_UNUSED_VARIABLE = YES;
				LOCALIZATION_PREFERS_STRING_CATALOGS = YES;
				MACOSX_DEPLOYMENT_TARGET = 26.2;
				MTL_ENABLE_DEBUG_INFO = NO;
				MTL_FAST_MATH = YES;
				SDKROOT = macosx;
				SWIFT_COMPILATION_MODE = wholemodule;
			};
			name = Release;
		};
		443C6D782F0CDA2700AF0560 /* Debug */ = {
			isa = XCBuildConfiguration;
			buildSettings = {
				ASSETCATALOG_COMPILER_APPICON_NAME = AppIcon;
				ASSETCATALOG_COMPILER_GLOBAL_ACCENT_COLOR_NAME = AccentColor;
				CODE_SIGN_STYLE = Automatic;
				COMBINE_HIDPI_IMAGES = YES;
				CURRENT_PROJECT_VERSION = 1;
				ENABLE_APP_SANDBOX = YES;
				ENABLE_PREVIEWS = YES;
				ENABLE_USER_SELECTED_FILES = readonly;
				GENERATE_INFOPLIST_FILE = YES;
				INFOPLIST_KEY_NSHumanReadableCopyright = "";
				LD_RUNPATH_SEARCH_PATHS = (
					"$(inherited)",
					"@executable_path/../Frameworks",
				);
				MARKETING_VERSION = 1.0;
				PRODUCT_BUNDLE_IDENTIFIER = space.v1n.firstmenu;
				PRODUCT_NAME = "$(TARGET_NAME)";
				REGISTER_APP_GROUPS = YES;
				STRING_CATALOG_GENERATE_SYMBOLS = YES;
				SWIFT_APPROACHABLE_CONCURRENCY = YES;
				SWIFT_DEFAULT_ACTOR_ISOLATION = MainActor;
				SWIFT_EMIT_LOC_STRINGS = YES;
				SWIFT_UPCOMING_FEATURE_MEMBER_IMPORT_VISIBILITY = YES;
				SWIFT_VERSION = 5.0;
			};
			name = Debug;
		};
		443C6D792F0CDA2700AF0560 /* Release */ = {
			isa = XCBuildConfiguration;
			buildSettings = {
				ASSETCATALOG_COMPILER_APPICON_NAME = AppIcon;
				ASSETCATALOG_COMPILER_GLOBAL_ACCENT_COLOR_NAME = AccentColor;
				CODE_SIGN_STYLE = Automatic;
				COMBINE_HIDPI_IMAGES = YES;
				CURRENT_PROJECT_VERSION = 1;
				ENABLE_APP_SANDBOX = YES;
				ENABLE_PREVIEWS = YES;
				ENABLE_USER_SELECTED_FILES = readonly;
				GENERATE_INFOPLIST_FILE = YES;
				INFOPLIST_KEY_NSHumanReadableCopyright = "";
				LD_RUNPATH_SEARCH_PATHS = (
					"$(inherited)",
					"@executable_path/../Frameworks",
				);
				MARKETING_VERSION = 1.0;
				PRODUCT_BUNDLE_IDENTIFIER = space.v1n.firstmenu;
				PRODUCT_NAME = "$(TARGET_NAME)";
				REGISTER_APP_GROUPS = YES;
				STRING_CATALOG_GENERATE_SYMBOLS = YES;
				SWIFT_APPROACHABLE_CONCURRENCY = YES;
				SWIFT_DEFAULT_ACTOR_ISOLATION = MainActor;
				SWIFT_EMIT_LOC_STRINGS = YES;
				SWIFT_UPCOMING_FEATURE_MEMBER_IMPORT_VISIBILITY = YES;
				SWIFT_VERSION = 5.0;
			};
			name = Release;
		};
		443C6D7B2F0CDA2700AF0560 /* Debug */ = {
			isa = XCBuildConfiguration;
			buildSettings = {
				BUNDLE_LOADER = "$(TEST_HOST)";
				CODE_SIGN_STYLE = Automatic;
				CURRENT_PROJECT_VERSION = 1;
				GENERATE_INFOPLIST_FILE = YES;
				MACOSX_DEPLOYMENT_TARGET = 26.2;
				MARKETING_VERSION = 1.0;
				PRODUCT_BUNDLE_IDENTIFIER = space.v1n.firstmenuTests;
				PRODUCT_NAME = "$(TARGET_NAME)";
				STRING_CATALOG_GENERATE_SYMBOLS = NO;
				SWIFT_APPROACHABLE_CONCURRENCY = YES;
				SWIFT_EMIT_LOC_STRINGS = NO;
				SWIFT_UPCOMING_FEATURE_MEMBER_IMPORT_VISIBILITY = YES;
				SWIFT_VERSION = 5.0;
				TEST_HOST = "$(BUILT_PRODUCTS_DIR)/firstmenu.app/$(BUNDLE_EXECUTABLE_FOLDER_PATH)/firstmenu";
			};
			name = Debug;
		};
		443C6D7C2F0CDA2700AF0560 /* Release */ = {
			isa = XCBuildConfiguration;
			buildSettings = {
				BUNDLE_LOADER = "$(TEST_HOST)";
				CODE_SIGN_STYLE = Automatic;
				CURRENT_PROJECT_VERSION = 1;
				GENERATE_INFOPLIST_FILE = YES;
				MACOSX_DEPLOYMENT_TARGET = 26.2;
				MARKETING_VERSION = 1.0;
				PRODUCT_BUNDLE_IDENTIFIER = space.v1n.firstmenuTests;
				PRODUCT_NAME = "$(TARGET_NAME)";
				STRING_CATALOG_GENERATE_SYMBOLS = NO;
				SWIFT_APPROACHABLE_CONCURRENCY = YES;
				SWIFT_EMIT_LOC_STRINGS = NO;
				SWIFT_UPCOMING_FEATURE_MEMBER_IMPORT_VISIBILITY = YES;
				SWIFT_VERSION = 5.0;
				TEST_HOST = "$(BUILT_PRODUCTS_DIR)/firstmenu.app/$(BUNDLE_EXECUTABLE_FOLDER_PATH)/firstmenu";
			};
			name = Release;
		};
		443C6D7E2F0CDA2700AF0560 /* Debug */ = {
			isa = XCBuildConfiguration;
			buildSettings = {
				CODE_SIGN_STYLE = Automatic;
				CURRENT_PROJECT_VERSION = 1;
				GENERATE_INFOPLIST_FILE = YES;
				MARKETING_VERSION = 1.0;
				PRODUCT_BUNDLE_IDENTIFIER = space.v1n.firstmenuUITests;
				PRODUCT_NAME = "$(TARGET_NAME)";
				STRING_CATALOG_GENERATE_SYMBOLS = NO;
				SWIFT_APPROACHABLE_CONCURRENCY = YES;
				SWIFT_EMIT_LOC_STRINGS = NO;
				SWIFT_UPCOMING_FEATURE_MEMBER_IMPORT_VISIBILITY = YES;
				SWIFT_VERSION = 5.0;
				TEST_TARGET_NAME = firstmenu;
			};
			name = Debug;
		};
		443C6D7F2F0CDA2700AF0560 /* Release */ = {
			isa = XCBuildConfiguration;
			buildSettings = {
				CODE_SIGN_STYLE = Automatic;
				CURRENT_PROJECT_VERSION = 1;
				GENERATE_INFOPLIST_FILE = YES;
				MARKETING_VERSION = 1.0;
				PRODUCT_BUNDLE_IDENTIFIER = space.v1n.firstmenuUITests;
				PRODUCT_NAME = "$(TARGET_NAME)";
				STRING_CATALOG_GENERATE_SYMBOLS = NO;
				SWIFT_APPROACHABLE_CONCURRENCY = YES;
				SWIFT_EMIT_LOC_STRINGS = NO;
				SWIFT_UPCOMING_FEATURE_MEMBER_IMPORT_VISIBILITY = YES;
				SWIFT_VERSION = 5.0;
				TEST_TARGET_NAME = firstmenu;
			};
			name = Release;
		};
/* End XCBuildConfiguration section */

/* Begin XCConfigurationList section */
		443C6D512F0CDA2600AF0560 /* Build configuration list for PBXProject "firstmenu" */ = {
			isa = XCConfigurationList;
			buildConfigurations = (
				443C6D752F0CDA2700AF0560 /* Debug */,
				443C6D762F0CDA2700AF0560 /* Release */,
			);
			defaultConfigurationIsVisible = 0;
			defaultConfigurationName = Release;
		};
		443C6D772F0CDA2700AF0560 /* Build configuration list for PBXNativeTarget "firstmenu" */ = {
			isa = XCConfigurationList;
			buildConfigurations = (
				443C6D782F0CDA2700AF0560 /* Debug */,
				443C6D792F0CDA2700AF0560 /* Release */,
			);
			defaultConfigurationIsVisible = 0;
			defaultConfigurationName = Release;
		};
		443C6D7A2F0CDA2700AF0560 /* Build configuration list for PBXNativeTarget "firstmenuTests" */ = {
			isa = XCConfigurationList;
			buildConfigurations = (
				443C6D7B2F0CDA2700AF0560 /* Debug */,
				443C6D7C2F0CDA2700AF0560 /* Release */,
			);
			defaultConfigurationIsVisible = 0;
			defaultConfigurationName = Release;
		};
		443C6D7D2F0CDA2700AF0560 /* Build configuration list for PBXNativeTarget "firstmenuUITests" */ = {
			isa = XCConfigurationList;
			buildConfigurations = (
				443C6D7E2F0CDA2700AF0560 /* Debug */,
				443C6D7F2F0CDA2700AF0560 /* Release */,
			);
			defaultConfigurationIsVisible = 0;
			defaultConfigurationName = Release;
		};
/* End XCConfigurationList section */
	};
	rootObject = 443C6D4E2F0CDA2600AF0560 /* Project object */;
}
